
Microsoft Visual Studio Solution File, Format Version 12.00
# Visual Studio Version 16
VisualStudioVersion = 16.0.31402.337
MinimumVisualStudioVersion = 10.0.40219.1
Project("{FAE04EC0-301F-11D3-BF4B-00C04F79EFBC}") = "prueba", "prueba\prueba.csproj", "{77D191DC-693F-487A-9BD7-942D743E6CC6}"
EndProject
Global
	GlobalSection(SolutionConfigurationPlatforms) = preSolution
		Debug|Any CPU = Debug|Any CPU
		Release|Any CPU = Release|Any CPU
	EndGlobalSection
	GlobalSection(ProjectConfigurationPlatforms) = postSolution
		{77D191DC-693F-487A-9BD7-942D743E6CC6}.Debug|Any CPU.ActiveCfg = Debug|Any CPU
		{77D191DC-693F-487A-9BD7-942D743E6CC6}.Debug|Any CPU.Build.0 = Debug|Any CPU
		{77D191DC-693F-487A-9BD7-942D743E6CC6}.Release|Any CPU.ActiveCfg = Release|Any CPU
		{77D191DC-693F-487A-9BD7-942D743E6CC6}.Release|Any CPU.Build.0 = Release|Any CPU
	EndGlobalSection
	GlobalSection(SolutionProperties) = preSolution
		HideSolutionNode = FALSE
	EndGlobalSection
	GlobalSection(ExtensibilityGlobals) = postSolution
		SolutionGuid = {193712B5-6B1A-4848-BEFC-7AD0566F0CFA}
	EndGlobalSection
EndGlobal
